// !$*UTF8*$!
{
	archiveVersion = 1;
	classes = {
	};
	objectVersion = 46;
	objects = {

/* Begin PBXBuildFile section */
		D90B9DF91AC5A3C300D953EB /* AppDelegate.swift in Sources */ = {isa = PBXBuildFile; fileRef = D90B9DF81AC5A3C300D953EB /* AppDelegate.swift */; };
		D90B9DFB1AC5A3C300D953EB /* ViewController.swift in Sources */ = {isa = PBXBuildFile; fileRef = D90B9DFA1AC5A3C300D953EB /* ViewController.swift */; };
		D90B9DFE1AC5A3C300D953EB /* Main.storyboard in Resources */ = {isa = PBXBuildFile; fileRef = D90B9DFC1AC5A3C300D953EB /* Main.storyboard */; };
		D90B9E001AC5A3C300D953EB /* Images.xcassets in Resources */ = {isa = PBXBuildFile; fileRef = D90B9DFF1AC5A3C300D953EB /* Images.xcassets */; };
		D90B9E031AC5A3C300D953EB /* LaunchScreen.xib in Resources */ = {isa = PBXBuildFile; fileRef = D90B9E011AC5A3C300D953EB /* LaunchScreen.xib */; };
		D90B9E0F1AC5A3C300D953EB /* PostcardTests.swift in Sources */ = {isa = PBXBuildFile; fileRef = D90B9E0E1AC5A3C300D953EB /* PostcardTests.swift */; };
		D90B9E191AC5AEAF00D953EB /* SagradaFamilia.jpeg in Resources */ = {isa = PBXBuildFile; fileRef = D90B9E181AC5AEAF00D953EB /* SagradaFamilia.jpeg */; };
		D98B6AA51AC5C0F70051E9B9 /* AlbertEinsteinStamp.jpg in Resources */ = {isa = PBXBuildFile; fileRef = D98B6AA41AC5C0F70051E9B9 /* AlbertEinsteinStamp.jpg */; };
/* End PBXBuildFile section */

/* Begin PBXContainerItemProxy section */
		D90B9E091AC5A3C300D953EB /* PBXContainerItemProxy */ = {
			isa = PBXContainerItemProxy;
			containerPortal = D90B9DEB1AC5A3C200D953EB /* Project object */;
			proxyType = 1;
			remoteGlobalIDString = D90B9DF21AC5A3C200D953EB;
			remoteInfo = Postcard;
		};
/* End PBXContainerItemProxy section */

/* Begin PBXFileReference section */
		D90B9DF31AC5A3C300D953EB /* Postcard.app */ = {isa = PBXFileReference; explicitFileType = wrapper.application; includeInIndex = 0; path = Postcard.app; sourceTree = BUILT_PRODUCTS_DIR; };
		D90B9DF71AC5A3C300D953EB /* Info.plist */ = {isa = PBXFileReference; lastKnownFileType = text.plist.xml; path = Info.plist; sourceTree = "<group>"; };
		D90B9DF81AC5A3C300D953EB /* AppDelegate.swift */ = {isa = PBXFileReference; lastKnownFileType = sourcecode.swift; path = AppDelegate.swift; sourceTree = "<group>"; };
		D90B9DFA1AC5A3C300D953EB /* ViewController.swift */ = {isa = PBXFileReference; lastKnownFileType = sourcecode.swift; path = ViewController.swift; sourceTree = "<group>"; };
		D90B9DFD1AC5A3C300D953EB /* Base */ = {isa = PBXFileReference; lastKnownFileType = file.storyboard; name = Base; path = Base.lproj/Main.storyboard; sourceTree = "<group>"; };
		D90B9DFF1AC5A3C300D953EB /* Images.xcassets */ = {isa = PBXFileReference; lastKnownFileType = folder.assetcatalog; path = Images.xcassets; sourceTree = "<group>"; };
		D90B9E021AC5A3C300D953EB /* Base */ = {isa = PBXFileReference; lastKnownFileType = file.xib; name = Base; path = Base.lproj/LaunchScreen.xib; sourceTree = "<group>"; };
		D90B9E081AC5A3C300D953EB /* PostcardTests.xctest */ = {isa = PBXFileReference; explicitFileType = wrapper.cfbundle; includeInIndex = 0; path = PostcardTests.xctest; sourceTree = BUILT_PRODUCTS_DIR; };
		D90B9E0D1AC5A3C300D953EB /* Info.plist */ = {isa = PBXFileReference; lastKnownFileType = text.plist.xml; path = Info.plist; sourceTree = "<group>"; };
		D90B9E0E1AC5A3C300D953EB /* PostcardTests.swift */ = {isa = PBXFileReference; lastKnownFileType = sourcecode.swift; path = PostcardTests.swift; sourceTree = "<group>"; };
		D90B9E181AC5AEAF00D953EB /* SagradaFamilia.jpeg */ = {isa = PBXFileReference; lastKnownFileType = image.jpeg; path = SagradaFamilia.jpeg; sourceTree = "<group>"; };
		D98B6AA41AC5C0F70051E9B9 /* AlbertEinsteinStamp.jpg */ = {isa = PBXFileReference; lastKnownFileType = image.jpeg; path = AlbertEinsteinStamp.jpg; sourceTree = "<group>"; };
/* End PBXFileReference section */

/* Begin PBXFrameworksBuildPhase section */
		D90B9DF01AC5A3C200D953EB /* Frameworks */ = {
			isa = PBXFrameworksBuildPhase;
			buildActionMask = 2147483647;
			files = (
			);
			runOnlyForDeploymentPostprocessing = 0;
		};
		D90B9E051AC5A3C300D953EB /* Frameworks */ = {
			isa = PBXFrameworksBuildPhase;
			buildActionMask = 2147483647;
			files = (
			);
			runOnlyForDeploymentPostprocessing = 0;
		};
/* End PBXFrameworksBuildPhase section */

/* Begin PBXGroup section */
		D90B9DEA1AC5A3C200D953EB = {
			isa = PBXGroup;
			children = (
				D90B9DF51AC5A3C300D953EB /* Postcard */,
				D90B9E0B1AC5A3C300D953EB /* PostcardTests */,
				D90B9DF41AC5A3C300D953EB /* Products */,
			);
			sourceTree = "<group>";
		};
		D90B9DF41AC5A3C300D953EB /* Products */ = {
			isa = PBXGroup;
			children = (
				D90B9DF31AC5A3C300D953EB /* Postcard.app */,
				D90B9E081AC5A3C300D953EB /* PostcardTests.xctest */,
			);
			name = Products;
			sourceTree = "<group>";
		};
		D90B9DF51AC5A3C300D953EB /* Postcard */ = {
			isa = PBXGroup;
			children = (
				D90B9DF81AC5A3C300D953EB /* AppDelegate.swift */,
				D90B9DFA1AC5A3C300D953EB /* ViewController.swift */,
				D90B9DFC1AC5A3C300D953EB /* Main.storyboard */,
				D90B9DFF1AC5A3C300D953EB /* Images.xcassets */,
				D90B9E011AC5A3C300D953EB /* LaunchScreen.xib */,
				D90B9DF61AC5A3C300D953EB /* Supporting Files */,
			);
			path = Postcard;
			sourceTree = "<group>";
		};
		D90B9DF61AC5A3C300D953EB /* Supporting Files */ = {
			isa = PBXGroup;
			children = (
				D98B6AA41AC5C0F70051E9B9 /* AlbertEinsteinStamp.jpg */,
				D90B9E181AC5AEAF00D953EB /* SagradaFamilia.jpeg */,
				D90B9DF71AC5A3C300D953EB /* Info.plist */,
			);
			name = "Supporting Files";
			sourceTree = "<group>";
		};
		D90B9E0B1AC5A3C300D953EB /* PostcardTests */ = {
			isa = PBXGroup;
			children = (
				D90B9E0E1AC5A3C300D953EB /* PostcardTests.swift */,
				D90B9E0C1AC5A3C300D953EB /* Supporting Files */,
			);
			path = PostcardTests;
			sourceTree = "<group>";
		};
		D90B9E0C1AC5A3C300D953EB /* Supporting Files */ = {
			isa = PBXGroup;
			children = (
				D90B9E0D1AC5A3C300D953EB /* Info.plist */,
			);
			name = "Supporting Files";
			sourceTree = "<group>";
		};
/* End PBXGroup section */

/* Begin PBXNativeTarget section */
		D90B9DF21AC5A3C200D953EB /* Postcard */ = {
			isa = PBXNativeTarget;
			buildConfigurationList = D90B9E121AC5A3C300D953EB /* Build configuration list for PBXNativeTarget "Postcard" */;
			buildPhases = (
				D90B9DEF1AC5A3C200D953EB /* Sources */,
				D90B9DF01AC5A3C200D953EB /* Frameworks */,
				D90B9DF11AC5A3C200D953EB /* Resources */,
			);
			buildRules = (
			);
			dependencies = (
			);
			name = Postcard;
			productName = Postcard;
			productReference = D90B9DF31AC5A3C300D953EB /* Postcard.app */;
			productType = "com.apple.product-type.application";
		};
		D90B9E071AC5A3C300D953EB /* PostcardTests */ = {
			isa = PBXNativeTarget;
			buildConfigurationList = D90B9E151AC5A3C300D953EB /* Build configuration list for PBXNativeTarget "PostcardTests" */;
			buildPhases = (
				D90B9E041AC5A3C300D953EB /* Sources */,
				D90B9E051AC5A3C300D953EB /* Frameworks */,
				D90B9E061AC5A3C300D953EB /* Resources */,
			);
			buildRules = (
			);
			dependencies = (
				D90B9E0A1AC5A3C300D953EB /* PBXTargetDependency */,
			);
			name = PostcardTests;
			productName = PostcardTests;
			productReference = D90B9E081AC5A3C300D953EB /* PostcardTests.xctest */;
			productType = "com.apple.product-type.bundle.unit-test";
		};
/* End PBXNativeTarget section */

/* Begin PBXProject section */
		D90B9DEB1AC5A3C200D953EB /* Project object */ = {
			isa = PBXProject;
			attributes = {
				LastUpgradeCheck = 0620;
				ORGANIZATIONNAME = Sasha;
				TargetAttributes = {
					D90B9DF21AC5A3C200D953EB = {
						CreatedOnToolsVersion = 6.2;
					};
					D90B9E071AC5A3C300D953EB = {
						CreatedOnToolsVersion = 6.2;
						TestTargetID = D90B9DF21AC5A3C200D953EB;
					};
				};
			};
			buildConfigurationList = D90B9DEE1AC5A3C200D953EB /* Build configuration list for PBXProject "Postcard" */;
			compatibilityVersion = "Xcode 3.2";
			developmentRegion = English;
			hasScannedForEncodings = 0;
			knownRegions = (
				en,
				Base,
			);
			mainGroup = D90B9DEA1AC5A3C200D953EB;
			productRefGroup = D90B9DF41AC5A3C300D953EB /* Products */;
			projectDirPath = "";
			projectRoot = "";
			targets = (
				D90B9DF21AC5A3C200D953EB /* Postcard */,
				D90B9E071AC5A3C300D953EB /* PostcardTests */,
			);
		};
/* End PBXProject section */

/* Begin PBXResourcesBuildPhase section */
		D90B9DF11AC5A3C200D953EB /* Resources */ = {
			isa = PBXResourcesBuildPhase;
			buildActionMask = 2147483647;
			files = (
				D90B9DFE1AC5A3C300D953EB /* Main.storyboard in Resources */,
				D90B9E191AC5AEAF00D953EB /* SagradaFamilia.jpeg in Resources */,
				D98B6AA51AC5C0F70051E9B9 /* AlbertEinsteinStamp.jpg in Resources */,
				D90B9E031AC5A3C300D953EB /* LaunchScreen.xib in Resources */,
				D90B9E001AC5A3C300D953EB /* Images.xcassets in Resources */,
			);
			runOnlyForDeploymentPostprocessing = 0;
		};
		D90B9E061AC5A3C300D953EB /* Resources */ = {
			isa = PBXResourcesBuildPhase;
			buildActionMask = 2147483647;
			files = (
			);
			runOnlyForDeploymentPostprocessing = 0;
		};
/* End PBXResourcesBuildPhase section */

/* Begin PBXSourcesBuildPhase section */
		D90B9DEF1AC5A3C200D953EB /* Sources */ = {
			isa = PBXSourcesBuildPhase;
			buildActionMask = 2147483647;
			files = (
				D90B9DFB1AC5A3C300D953EB /* ViewController.swift in Sources */,
				D90B9DF91AC5A3C300D953EB /* AppDelegate.swift in Sources */,
			);
			runOnlyForDeploymentPostprocessing = 0;
		};
		D90B9E041AC5A3C300D953EB /* Sources */ = {
			isa = PBXSourcesBuildPhase;
			buildActionMask = 2147483647;
			files = (
				D90B9E0F1AC5A3C300D953EB /* PostcardTests.swift in Sources */,
			);
			runOnlyForDeploymentPostprocessing = 0;
		};
/* End PBXSourcesBuildPhase section */

/* Begin PBXTargetDependency section */
		D90B9E0A1AC5A3C300D953EB /* PBXTargetDependency */ = {
			isa = PBXTargetDependency;
			target = D90B9DF21AC5A3C200D953EB /* Postcard */;
			targetProxy = D90B9E091AC5A3C300D953EB /* PBXContainerItemProxy */;
		};
/* End PBXTargetDependency section */

/* Begin PBXVariantGroup section */
		D90B9DFC1AC5A3C300D953EB /* Main.storyboard */ = {
			isa = PBXVariantGroup;
			children = (
				D90B9DFD1AC5A3C300D953EB /* Base */,
			);
			name = Main.storyboard;
			sourceTree = "<group>";
		};
		D90B9E011AC5A3C300D953EB /* LaunchScreen.xib */ = {
			isa = PBXVariantGroup;
			children = (
				D90B9E021AC5A3C300D953EB /* Base */,
			);
			name = LaunchScreen.xib;
			sourceTree = "<group>";
		};
/* End PBXVariantGroup section */

/* Begin XCBuildConfiguration section */
		D90B9E101AC5A3C300D953EB /* Debug */ = {
			isa = XCBuildConfiguration;
			buildSettings = {
				ALWAYS_SEARCH_USER_PATHS = NO;
				CLANG_CXX_LANGUAGE_STANDARD = "gnu++0x";
				CLANG_CXX_LIBRARY = "libc++";
				CLANG_ENABLE_MODULES = YES;
				CLANG_ENABLE_OBJC_ARC = YES;
				CLANG_WARN_BOOL_CONVERSION = YES;
				CLANG_WARN_CONSTANT_CONVERSION = YES;
				CLANG_WARN_DIRECT_OBJC_ISA_USAGE = YES_ERROR;
				CLANG_WARN_EMPTY_BODY = YES;
				CLANG_WARN_ENUM_CONVERSION = YES;
				CLANG_WARN_INT_CONVERSION = YES;
				CLANG_WARN_OBJC_ROOT_CLASS = YES_ERROR;
				CLANG_WARN_UNREACHABLE_CODE = YES;
				CLANG_WARN__DUPLICATE_METHOD_MATCH = YES;
				"CODE_SIGN_IDENTITY[sdk=iphoneos*]" = "iPhone Developer";
				COPY_PHASE_STRIP = NO;
				ENABLE_STRICT_OBJC_MSGSEND = YES;
				GCC_C_LANGUAGE_STANDARD = gnu99;
				GCC_DYNAMIC_NO_PIC = NO;
				GCC_OPTIMIZATION_LEVEL = 0;
				GCC_PREPROCESSOR_DEFINITIONS = (
					"DEBUG=1",
					"$(inherited)",
				);
				GCC_SYMBOLS_PRIVATE_EXTERN = NO;
				GCC_WARN_64_TO_32_BIT_CONVERSION = YES;
				GCC_WARN_ABOUT_RETURN_TYPE = YES_ERROR;
				GCC_WARN_UNDECLARED_SELECTOR = YES;
				GCC_WARN_UNINITIALIZED_AUTOS = YES_AGGRESSIVE;
				GCC_WARN_UNUSED_FUNCTION = YES;
				GCC_WARN_UNUSED_VARIABLE = YES;
				IPHONEOS_DEPLOYMENT_TARGET = 8.2;
				MTL_ENABLE_DEBUG_INFO = YES;
				ONLY_ACTIVE_ARCH = YES;
				SDKROOT = iphoneos;
				SWIFT_OPTIMIZATION_LEVEL = "-Onone";
				TARGETED_DEVICE_FAMILY = "1,2";
			};
			name = Debug;
		};
		D90B9E111AC5A3C300D953EB /* Release */ = {
			isa = XCBuildConfiguration;
			buildSettings = {
				ALWAYS_SEARCH_USER_PATHS = NO;
				CLANG_CXX_LANGUAGE_STANDARD = "gnu++0x";
				CLANG_CXX_LIBRARY = "libc++";
				CLANG_ENABLE_MODULES = YES;
				CLANG_ENABLE_OBJC_ARC = YES;
				CLANG_WARN_BOOL_CONVERSION = YES;
				CLANG_WARN_CONSTANT_CONVERSION = YES;
				CLANG_WARN_DIRECT_OBJC_ISA_USAGE = YES_ERROR;
				CLANG_WARN_EMPTY_BODY = YES;
				CLANG_WARN_ENUM_CONVERSION = YES;
				CLANG_WARN_INT_CONVERSION = YES;
				CLANG_WARN_OBJC_ROOT_CLASS = YES_ERROR;
				CLANG_WARN_UNREACHABLE_CODE = YES;
				CLANG_WARN__DUPLICATE_METHOD_MATCH = YES;
				"CODE_SIGN_IDENTITY[sdk=iphoneos*]" = "iPhone Developer";
				COPY_PHASE_STRIP = NO;
				ENABLE_NS_ASSERTIONS = NO;
				ENABLE_STRICT_OBJC_MSGSEND = YES;
				GCC_C_LANGUAGE_STANDARD = gnu99;
				GCC_WARN_64_TO_32_BIT_CONVERSION = YES;
				GCC_WARN_ABOUT_RETURN_TYPE = YES_ERROR;
				GCC_WARN_UNDECLARED_SELECTOR = YES;
				GCC_WARN_UNINITIALIZED_AUTOS = YES_AGGRESSIVE;
				GCC_WARN_UNUSED_FUNCTION = YES;
				GCC_WARN_UNUSED_VARIABLE = YES;
				IPHONEOS_DEPLOYMENT_TARGET = 8.2;
				MTL_ENABLE_DEBUG_INFO = NO;
				SDKROOT = iphoneos;
				TARGETED_DEVICE_FAMILY = "1,2";
				VALIDATE_PRODUCT = YES;
			};
			name = Release;
		};
		D90B9E131AC5A3C300D953EB /* Debug */ = {
			isa = XCBuildConfiguration;
			buildSettings = {
				ASSETCATALOG_COMPILER_APPICON_NAME = AppIcon;
				INFOPLIST_FILE = Postcard/Info.plist;
				LD_RUNPATH_SEARCH_PATHS = "$(inherited) @executable_path/Frameworks";
				PRODUCT_NAME = "$(TARGET_NAME)";
			};
			name = Debug;
		};
		D90B9E141AC5A3C300D953EB /* Release */ = {
			isa = XCBuildConfiguration;
			buildSettings = {
				ASSETCATALOG_COMPILER_APPICON_NAME = AppIcon;
				INFOPLIST_FILE = Postcard/Info.plist;
				LD_RUNPATH_SEARCH_PATHS = "$(inherited) @executable_path/Frameworks";
				PRODUCT_NAME = "$(TARGET_NAME)";
			};
			name = Release;
		};
		D90B9E161AC5A3C300D953EB /* Debug */ = {
			isa = XCBuildConfiguration;
			buildSettings = {
				BUNDLE_LOADER = "$(TEST_HOST)";
				FRAMEWORK_SEARCH_PATHS = (
					"$(SDKROOT)/Developer/Library/Frameworks",
					"$(inherited)",
				);
				GCC_PREPROCESSOR_DEFINITIONS = (
					"DEBUG=1",
					"$(inherited)",
				);
				INFOPLIST_FILE = PostcardTests/Info.plist;
				LD_RUNPATH_SEARCH_PATHS = "$(inherited) @executable_path/Frameworks @loader_path/Frameworks";
				PRODUCT_NAME = "$(TARGET_NAME)";
				TEST_HOST = "$(BUILT_PRODUCTS_DIR)/Postcard.app/Postcard";
			};
			name = Debug;
		};
		D90B9E171AC5A3C300D953EB /* Release */ = {
			isa = XCBuildConfiguration;
			buildSettings = {
				BUNDLE_LOADER = "$(TEST_HOST)";
				FRAMEWORK_SEARCH_PATHS = (
					"$(SDKROOT)/Developer/Library/Frameworks",
					"$(inherited)",
				);
				INFOPLIST_FILE = PostcardTests/Info.plist;
				LD_RUNPATH_SEARCH_PATHS = "$(inherited) @executable_path/Frameworks @loader_path/Frameworks";
				PRODUCT_NAME = "$(TARGET_NAME)";
				TEST_HOST = "$(BUILT_PRODUCTS_DIR)/Postcard.app/Postcard";
			};
			name = Release;
		};
/* End XCBuildConfiguration section */

/* Begin XCConfigurationList section */
		D90B9DEE1AC5A3C200D953EB /* Build configuration list for PBXProject "Postcard" */ = {
			isa = XCConfigurationList;
			buildConfigurations = (
				D90B9E101AC5A3C300D953EB /* Debug */,
				D90B9E111AC5A3C300D953EB /* Release */,
			);
			defaultConfigurationIsVisible = 0;
			defaultConfigurationName = Release;
		};
		D90B9E121AC5A3C300D953EB /* Build configuration list for PBXNativeTarget "Postcard" */ = {
			isa = XCConfigurationList;
			buildConfigurations = (
				D90B9E131AC5A3C300D953EB /* Debug */,
				D90B9E141AC5A3C300D953EB /* Release */,
			);
			defaultConfigurationIsVisible = 0;
			defaultConfigurationName = Release;
		};
		D90B9E151AC5A3C300D953EB /* Build configuration list for PBXNativeTarget "PostcardTests" */ = {
			isa = XCConfigurationList;
			buildConfigurations = (
				D90B9E161AC5A3C300D953EB /* Debug */,
				D90B9E171AC5A3C300D953EB /* Release */,
			);
			defaultConfigurationIsVisible = 0;
			defaultConfigurationName = Release;
		};
/* End XCConfigurationList section */
	};
	rootObject = D90B9DEB1AC5A3C200D953EB /* Project object */;
}
